
Microsoft Visual Studio Solution File, Format Version 12.00
# Visual Studio Version 17
VisualStudioVersion = 17.0.31903.59
MinimumVisualStudioVersion = 10.0.40219.1
Project("{2150E333-8FDC-42A3-9474-1A3956D46DE8}") = "contracts", "contracts", "{89CA8C0B-0102-4FC5-A8BA-F646CD71B0AA}"
EndProject
Project("{2150E333-8FDC-42A3-9474-1A3956D46DE8}") = "cs", "cs", "{B1EDA44C-FFA6-4602-8477-CFE4AD2C9B26}"
EndProject
Project("{FAE04EC0-301F-11D3-BF4B-00C04F79EFBC}") = "Sailwind.Contracts", "contracts\cs\Sailwind.Contracts\Sailwind.Contracts.csproj", "{3B541CD8-9CC5-4803-8851-044A0953E990}"
EndProject
Project("{2150E333-8FDC-42A3-9474-1A3956D46DE8}") = "tools", "tools", "{4A35B45E-212F-4433-8B95-892FA4A8F455}"
EndProject
Project("{FAE04EC0-301F-11D3-BF4B-00C04F79EFBC}") = "Sailwind.ApiGen", "tools\Sailwind.ApiGen\Sailwind.ApiGen.csproj", "{153026FF-2413-441C-8AD5-43FAC8ACAE51}"
EndProject
Project("{FAE04EC0-301F-11D3-BF4B-00C04F79EFBC}") = "Sailwind.ProtocolSmoke", "tools\protocol-smoke\Sailwind.ProtocolSmoke.csproj", "{26302B9A-D28F-4E3C-B68D-E8CE0C4C0260}"
EndProject
Project("{2150E333-8FDC-42A3-9474-1A3956D46DE8}") = "tests", "tests", "{8B47A726-A518-48C0-B9EF-575E8B839430}"
EndProject
Project("{FAE04EC0-301F-11D3-BF4B-00C04F79EFBC}") = "Sailwind.Contracts.Tests", "tests\Sailwind.Contracts.Tests\Sailwind.Contracts.Tests.csproj", "{788808A6-9965-4160-BB36-5F68584B28A3}"
EndProject
Project("{FAE04EC0-301F-11D3-BF4B-00C04F79EFBC}") = "Sailwind.Api.SurfaceTests", "tests\Sailwind.Api.SurfaceTests\Sailwind.Api.SurfaceTests.csproj", "{029CFFAA-F4AA-49B0-AEAB-C1D348570C83}"
EndProject
Project("{2150E333-8FDC-42A3-9474-1A3956D46DE8}") = "packages", "packages", "{1582E15E-610C-4DC2-8CAA-0DE3546F7AA8}"
EndProject
Project("{2150E333-8FDC-42A3-9474-1A3956D46DE8}") = "api-abstractions", "api-abstractions", "{47578C3B-B3DC-42C7-B031-E6F543E39BEB}"
EndProject
Project("{FAE04EC0-301F-11D3-BF4B-00C04F79EFBC}") = "Sailwind.Api.Abstractions", "packages\api-abstractions\Sailwind.Api.Abstractions\Sailwind.Api.Abstractions.csproj", "{BAE795A3-3312-452F-A4EA-4140733807B3}"
EndProject
Project("{2150E333-8FDC-42A3-9474-1A3956D46DE8}") = "net", "net", "{AFE68A23-884E-45BB-B0BB-2F7836C03A6D}"
EndProject
Project("{FAE04EC0-301F-11D3-BF4B-00C04F79EFBC}") = "Sailwind.Online.Net", "packages\net\Sailwind.Online.Net\Sailwind.Online.Net.csproj", "{95B79DCB-B9BE-4382-AF25-F89FBEB750F9}"
EndProject
Project("{2150E333-8FDC-42A3-9474-1A3956D46DE8}") = "sync", "sync", "{9ABE8A92-7F13-4E56-B985-2759615FCFC7}"
EndProject
Project("{FAE04EC0-301F-11D3-BF4B-00C04F79EFBC}") = "Sailwind.Online.Sync", "packages\sync\Sailwind.Online.Sync\Sailwind.Online.Sync.csproj", "{3A5A6D8F-DC7F-49AB-8367-EF930AB493E5}"
EndProject
Project("{2150E333-8FDC-42A3-9474-1A3956D46DE8}") = "api-adapters", "api-adapters", "{C52D0C97-E0DE-462A-A4D5-89DD53333DAD}"
EndProject
Project("{FAE04EC0-301F-11D3-BF4B-00C04F79EFBC}") = "Sailwind.Api.Adapters", "packages\api-adapters\Sailwind.Api.Adapters\Sailwind.Api.Adapters.csproj", "{0CF4EBE2-BEA9-486E-AF8E-5A666E7C3DB7}"
EndProject
Project("{2150E333-8FDC-42A3-9474-1A3956D46DE8}") = "apps", "apps", "{9D1E443D-B693-4F5D-B892-7CBCF5B69AF6}"
EndProject
Project("{FAE04EC0-301F-11D3-BF4B-00C04F79EFBC}") = "Sailwind.API", "apps\Sailwind.API\Sailwind.API.csproj", "{11E70F20-CE36-452C-AC36-ABA9D8FA89C1}"
EndProject
Project("{FAE04EC0-301F-11D3-BF4B-00C04F79EFBC}") = "Sailwind.Online.Client", "apps\Sailwind.Online.Client\Sailwind.Online.Client.csproj", "{8DEEF188-199F-4871-A5E2-D82E00381CAB}"
EndProject
Project("{FAE04EC0-301F-11D3-BF4B-00C04F79EFBC}") = "Sailwind.Online.Net.Tests", "tests\Sailwind.Online.Net.Tests\Sailwind.Online.Net.Tests.csproj", "{0CB41570-763C-420E-A090-66BA28076C7A}"
EndProject
Project("{FAE04EC0-301F-11D3-BF4B-00C04F79EFBC}") = "Sailwind.Online.Sync.Tests", "tests\Sailwind.Online.Sync.Tests\Sailwind.Online.Sync.Tests.csproj", "{B409547C-2222-4226-9502-BBD271E5D7C4}"
EndProject
Project("{FAE04EC0-301F-11D3-BF4B-00C04F79EFBC}") = "Sailwind.Architecture.Tests", "tests\Sailwind.Architecture.Tests\Sailwind.Architecture.Tests.csproj", "{EC225D97-418B-45F0-A867-51D92A7CBF33}"
EndProject
Project("{FAE04EC0-301F-11D3-BF4B-00C04F79EFBC}") = "Sailwind.Api.SurfaceManifest.Tests", "tests\Sailwind.Api.SurfaceManifest.Tests\Sailwind.Api.SurfaceManifest.Tests.csproj", "{9DD5354D-7F70-4C1F-BC98-570351D29F43}"
EndProject
Project("{2150E333-8FDC-42A3-9474-1A3956D46DE8}") = "samples", "samples", "{3EC791AD-0D34-4DF8-984F-8D25A109BDB6}"
EndProject
Project("{FAE04EC0-301F-11D3-BF4B-00C04F79EFBC}") = "Sailwind.Mod.Sample", "samples\Sailwind.Mod.Sample\Sailwind.Mod.Sample.csproj", "{57B1B27A-EFB2-41E5-A5EA-8F24F1D9ED17}"
EndProject
Project("{2150E333-8FDC-42A3-9474-1A3956D46DE8}") = "templates", "templates", "{0CE11B39-8729-4379-A7CD-75FC8D1AD9DA}"
EndProject
Project("{FAE04EC0-301F-11D3-BF4B-00C04F79EFBC}") = "Sailwind.Templates", "templates\Sailwind.Templates.csproj", "{C046A74A-6A3D-4204-85D7-1F4CA76AF7FB}"
EndProject
Project("{FAE04EC0-301F-11D3-BF4B-00C04F79EFBC}") = "Sailwind.Templates.Tests", "tests\Sailwind.Templates.Tests\Sailwind.Templates.Tests.csproj", "{66CD5862-7C97-477E-A91F-9517AF75E3A8}"
EndProject
Global
	GlobalSection(SolutionConfigurationPlatforms) = preSolution
		Debug|Any CPU = Debug|Any CPU
		Release|Any CPU = Release|Any CPU
	EndGlobalSection
	GlobalSection(SolutionProperties) = preSolution
		HideSolutionNode = FALSE
	EndGlobalSection
	GlobalSection(ProjectConfigurationPlatforms) = postSolution
		{3B541CD8-9CC5-4803-8851-044A0953E990}.Debug|Any CPU.ActiveCfg = Debug|Any CPU
		{3B541CD8-9CC5-4803-8851-044A0953E990}.Debug|Any CPU.Build.0 = Debug|Any CPU
		{3B541CD8-9CC5-4803-8851-044A0953E990}.Release|Any CPU.ActiveCfg = Release|Any CPU
		{3B541CD8-9CC5-4803-8851-044A0953E990}.Release|Any CPU.Build.0 = Release|Any CPU
		{153026FF-2413-441C-8AD5-43FAC8ACAE51}.Debug|Any CPU.ActiveCfg = Debug|Any CPU
		{153026FF-2413-441C-8AD5-43FAC8ACAE51}.Debug|Any CPU.Build.0 = Debug|Any CPU
		{153026FF-2413-441C-8AD5-43FAC8ACAE51}.Release|Any CPU.ActiveCfg = Release|Any CPU
		{153026FF-2413-441C-8AD5-43FAC8ACAE51}.Release|Any CPU.Build.0 = Release|Any CPU
		{26302B9A-D28F-4E3C-B68D-E8CE0C4C0260}.Debug|Any CPU.ActiveCfg = Debug|Any CPU
		{26302B9A-D28F-4E3C-B68D-E8CE0C4C0260}.Debug|Any CPU.Build.0 = Debug|Any CPU
		{26302B9A-D28F-4E3C-B68D-E8CE0C4C0260}.Release|Any CPU.ActiveCfg = Release|Any CPU
		{26302B9A-D28F-4E3C-B68D-E8CE0C4C0260}.Release|Any CPU.Build.0 = Release|Any CPU
		{788808A6-9965-4160-BB36-5F68584B28A3}.Debug|Any CPU.ActiveCfg = Debug|Any CPU
		{788808A6-9965-4160-BB36-5F68584B28A3}.Debug|Any CPU.Build.0 = Debug|Any CPU
		{788808A6-9965-4160-BB36-5F68584B28A3}.Release|Any CPU.ActiveCfg = Release|Any CPU
		{788808A6-9965-4160-BB36-5F68584B28A3}.Release|Any CPU.Build.0 = Release|Any CPU
		{029CFFAA-F4AA-49B0-AEAB-C1D348570C83}.Debug|Any CPU.ActiveCfg = Debug|Any CPU
		{029CFFAA-F4AA-49B0-AEAB-C1D348570C83}.Debug|Any CPU.Build.0 = Debug|Any CPU
		{029CFFAA-F4AA-49B0-AEAB-C1D348570C83}.Release|Any CPU.ActiveCfg = Release|Any CPU
		{029CFFAA-F4AA-49B0-AEAB-C1D348570C83}.Release|Any CPU.Build.0 = Release|Any CPU
		{BAE795A3-3312-452F-A4EA-4140733807B3}.Debug|Any CPU.ActiveCfg = Debug|Any CPU
		{BAE795A3-3312-452F-A4EA-4140733807B3}.Debug|Any CPU.Build.0 = Debug|Any CPU
		{BAE795A3-3312-452F-A4EA-4140733807B3}.Release|Any CPU.ActiveCfg = Release|Any CPU
		{BAE795A3-3312-452F-A4EA-4140733807B3}.Release|Any CPU.Build.0 = Release|Any CPU
		{95B79DCB-B9BE-4382-AF25-F89FBEB750F9}.Debug|Any CPU.ActiveCfg = Debug|Any CPU
		{95B79DCB-B9BE-4382-AF25-F89FBEB750F9}.Debug|Any CPU.Build.0 = Debug|Any CPU
		{95B79DCB-B9BE-4382-AF25-F89FBEB750F9}.Release|Any CPU.ActiveCfg = Release|Any CPU
		{95B79DCB-B9BE-4382-AF25-F89FBEB750F9}.Release|Any CPU.Build.0 = Release|Any CPU
		{3A5A6D8F-DC7F-49AB-8367-EF930AB493E5}.Debug|Any CPU.ActiveCfg = Debug|Any CPU
		{3A5A6D8F-DC7F-49AB-8367-EF930AB493E5}.Debug|Any CPU.Build.0 = Debug|Any CPU
		{3A5A6D8F-DC7F-49AB-8367-EF930AB493E5}.Release|Any CPU.ActiveCfg = Release|Any CPU
		{3A5A6D8F-DC7F-49AB-8367-EF930AB493E5}.Release|Any CPU.Build.0 = Release|Any CPU
		{0CF4EBE2-BEA9-486E-AF8E-5A666E7C3DB7}.Debug|Any CPU.ActiveCfg = Debug|Any CPU
		{0CF4EBE2-BEA9-486E-AF8E-5A666E7C3DB7}.Debug|Any CPU.Build.0 = Debug|Any CPU
		{0CF4EBE2-BEA9-486E-AF8E-5A666E7C3DB7}.Release|Any CPU.ActiveCfg = Release|Any CPU
		{0CF4EBE2-BEA9-486E-AF8E-5A666E7C3DB7}.Release|Any CPU.Build.0 = Release|Any CPU
		{11E70F20-CE36-452C-AC36-ABA9D8FA89C1}.Debug|Any CPU.ActiveCfg = Debug|Any CPU
		{11E70F20-CE36-452C-AC36-ABA9D8FA89C1}.Debug|Any CPU.Build.0 = Debug|Any CPU
		{11E70F20-CE36-452C-AC36-ABA9D8FA89C1}.Release|Any CPU.ActiveCfg = Release|Any CPU
		{11E70F20-CE36-452C-AC36-ABA9D8FA89C1}.Release|Any CPU.Build.0 = Release|Any CPU
		{8DEEF188-199F-4871-A5E2-D82E00381CAB}.Debug|Any CPU.ActiveCfg = Debug|Any CPU
		{8DEEF188-199F-4871-A5E2-D82E00381CAB}.Debug|Any CPU.Build.0 = Debug|Any CPU
		{8DEEF188-199F-4871-A5E2-D82E00381CAB}.Release|Any CPU.ActiveCfg = Release|Any CPU
		{8DEEF188-199F-4871-A5E2-D82E00381CAB}.Release|Any CPU.Build.0 = Release|Any CPU
		{0CB41570-763C-420E-A090-66BA28076C7A}.Debug|Any CPU.ActiveCfg = Debug|Any CPU
		{0CB41570-763C-420E-A090-66BA28076C7A}.Debug|Any CPU.Build.0 = Debug|Any CPU
		{0CB41570-763C-420E-A090-66BA28076C7A}.Release|Any CPU.ActiveCfg = Release|Any CPU
		{0CB41570-763C-420E-A090-66BA28076C7A}.Release|Any CPU.Build.0 = Release|Any CPU
		{B409547C-2222-4226-9502-BBD271E5D7C4}.Debug|Any CPU.ActiveCfg = Debug|Any CPU
		{B409547C-2222-4226-9502-BBD271E5D7C4}.Debug|Any CPU.Build.0 = Debug|Any CPU
		{B409547C-2222-4226-9502-BBD271E5D7C4}.Release|Any CPU.ActiveCfg = Release|Any CPU
		{B409547C-2222-4226-9502-BBD271E5D7C4}.Release|Any CPU.Build.0 = Release|Any CPU
		{EC225D97-418B-45F0-A867-51D92A7CBF33}.Debug|Any CPU.ActiveCfg = Debug|Any CPU
		{EC225D97-418B-45F0-A867-51D92A7CBF33}.Debug|Any CPU.Build.0 = Debug|Any CPU
		{EC225D97-418B-45F0-A867-51D92A7CBF33}.Release|Any CPU.ActiveCfg = Release|Any CPU
		{EC225D97-418B-45F0-A867-51D92A7CBF33}.Release|Any CPU.Build.0 = Release|Any CPU
		{9DD5354D-7F70-4C1F-BC98-570351D29F43}.Debug|Any CPU.ActiveCfg = Debug|Any CPU
		{9DD5354D-7F70-4C1F-BC98-570351D29F43}.Debug|Any CPU.Build.0 = Debug|Any CPU
		{9DD5354D-7F70-4C1F-BC98-570351D29F43}.Release|Any CPU.ActiveCfg = Release|Any CPU
		{9DD5354D-7F70-4C1F-BC98-570351D29F43}.Release|Any CPU.Build.0 = Release|Any CPU
		{57B1B27A-EFB2-41E5-A5EA-8F24F1D9ED17}.Debug|Any CPU.ActiveCfg = Debug|Any CPU
		{57B1B27A-EFB2-41E5-A5EA-8F24F1D9ED17}.Debug|Any CPU.Build.0 = Debug|Any CPU
		{57B1B27A-EFB2-41E5-A5EA-8F24F1D9ED17}.Release|Any CPU.ActiveCfg = Release|Any CPU
		{57B1B27A-EFB2-41E5-A5EA-8F24F1D9ED17}.Release|Any CPU.Build.0 = Release|Any CPU
		{C046A74A-6A3D-4204-85D7-1F4CA76AF7FB}.Debug|Any CPU.ActiveCfg = Debug|Any CPU
		{C046A74A-6A3D-4204-85D7-1F4CA76AF7FB}.Debug|Any CPU.Build.0 = Debug|Any CPU
		{C046A74A-6A3D-4204-85D7-1F4CA76AF7FB}.Release|Any CPU.ActiveCfg = Release|Any CPU
		{C046A74A-6A3D-4204-85D7-1F4CA76AF7FB}.Release|Any CPU.Build.0 = Release|Any CPU
		{66CD5862-7C97-477E-A91F-9517AF75E3A8}.Debug|Any CPU.ActiveCfg = Debug|Any CPU
		{66CD5862-7C97-477E-A91F-9517AF75E3A8}.Debug|Any CPU.Build.0 = Debug|Any CPU
		{66CD5862-7C97-477E-A91F-9517AF75E3A8}.Release|Any CPU.ActiveCfg = Release|Any CPU
		{66CD5862-7C97-477E-A91F-9517AF75E3A8}.Release|Any CPU.Build.0 = Release|Any CPU
	EndGlobalSection
	GlobalSection(NestedProjects) = preSolution
		{B1EDA44C-FFA6-4602-8477-CFE4AD2C9B26} = {89CA8C0B-0102-4FC5-A8BA-F646CD71B0AA}
		{3B541CD8-9CC5-4803-8851-044A0953E990} = {B1EDA44C-FFA6-4602-8477-CFE4AD2C9B26}
		{153026FF-2413-441C-8AD5-43FAC8ACAE51} = {4A35B45E-212F-4433-8B95-892FA4A8F455}
		{26302B9A-D28F-4E3C-B68D-E8CE0C4C0260} = {4A35B45E-212F-4433-8B95-892FA4A8F455}
		{788808A6-9965-4160-BB36-5F68584B28A3} = {8B47A726-A518-48C0-B9EF-575E8B839430}
		{029CFFAA-F4AA-49B0-AEAB-C1D348570C83} = {8B47A726-A518-48C0-B9EF-575E8B839430}
		{47578C3B-B3DC-42C7-B031-E6F543E39BEB} = {1582E15E-610C-4DC2-8CAA-0DE3546F7AA8}
		{BAE795A3-3312-452F-A4EA-4140733807B3} = {47578C3B-B3DC-42C7-B031-E6F543E39BEB}
		{AFE68A23-884E-45BB-B0BB-2F7836C03A6D} = {1582E15E-610C-4DC2-8CAA-0DE3546F7AA8}
		{95B79DCB-B9BE-4382-AF25-F89FBEB750F9} = {AFE68A23-884E-45BB-B0BB-2F7836C03A6D}
		{9ABE8A92-7F13-4E56-B985-2759615FCFC7} = {1582E15E-610C-4DC2-8CAA-0DE3546F7AA8}
		{3A5A6D8F-DC7F-49AB-8367-EF930AB493E5} = {9ABE8A92-7F13-4E56-B985-2759615FCFC7}
		{C52D0C97-E0DE-462A-A4D5-89DD53333DAD} = {1582E15E-610C-4DC2-8CAA-0DE3546F7AA8}
		{0CF4EBE2-BEA9-486E-AF8E-5A666E7C3DB7} = {C52D0C97-E0DE-462A-A4D5-89DD53333DAD}
		{11E70F20-CE36-452C-AC36-ABA9D8FA89C1} = {9D1E443D-B693-4F5D-B892-7CBCF5B69AF6}
		{8DEEF188-199F-4871-A5E2-D82E00381CAB} = {9D1E443D-B693-4F5D-B892-7CBCF5B69AF6}
		{0CB41570-763C-420E-A090-66BA28076C7A} = {8B47A726-A518-48C0-B9EF-575E8B839430}
		{B409547C-2222-4226-9502-BBD271E5D7C4} = {8B47A726-A518-48C0-B9EF-575E8B839430}
		{EC225D97-418B-45F0-A867-51D92A7CBF33} = {8B47A726-A518-48C0-B9EF-575E8B839430}
		{9DD5354D-7F70-4C1F-BC98-570351D29F43} = {8B47A726-A518-48C0-B9EF-575E8B839430}
		{57B1B27A-EFB2-41E5-A5EA-8F24F1D9ED17} = {3EC791AD-0D34-4DF8-984F-8D25A109BDB6}
		{C046A74A-6A3D-4204-85D7-1F4CA76AF7FB} = {0CE11B39-8729-4379-A7CD-75FC8D1AD9DA}
		{66CD5862-7C97-477E-A91F-9517AF75E3A8} = {8B47A726-A518-48C0-B9EF-575E8B839430}
	EndGlobalSection
EndGlobal
